// !$*UTF8*$!
{
	archiveVersion = 1;
	classes = {
	};
	objectVersion = 50;
	objects = {

/* Begin PBXBuildFile section */
		66305924213D5DFB0082D2EA /* AppDelegate.swift in Sources */ = {isa = PBXBuildFile; fileRef = 66305923213D5DFB0082D2EA /* AppDelegate.swift */; };
		66305926213D5DFB0082D2EA /* art.scnassets in Resources */ = {isa = PBXBuildFile; fileRef = 66305925213D5DFB0082D2EA /* art.scnassets */; };
		66305928213D5DFB0082D2EA /* ViewController.swift in Sources */ = {isa = PBXBuildFile; fileRef = 66305927213D5DFB0082D2EA /* ViewController.swift */; };
		6630592B213D5DFB0082D2EA /* Main.storyboard in Resources */ = {isa = PBXBuildFile; fileRef = 66305929213D5DFB0082D2EA /* Main.storyboard */; };
		6630592D213D5DFE0082D2EA /* Assets.xcassets in Resources */ = {isa = PBXBuildFile; fileRef = 6630592C213D5DFE0082D2EA /* Assets.xcassets */; };
		66305930213D5DFE0082D2EA /* LaunchScreen.storyboard in Resources */ = {isa = PBXBuildFile; fileRef = 6630592E213D5DFE0082D2EA /* LaunchScreen.storyboard */; };
		6630593B213D5DFF0082D2EA /* s2arTests.swift in Sources */ = {isa = PBXBuildFile; fileRef = 6630593A213D5DFF0082D2EA /* s2arTests.swift */; };
		66305946213D5DFF0082D2EA /* s2arUITests.swift in Sources */ = {isa = PBXBuildFile; fileRef = 66305945213D5DFF0082D2EA /* s2arUITests.swift */; };
		6662226C214607CF00EC9BB6 /* chars.swift in Sources */ = {isa = PBXBuildFile; fileRef = 6662226B214607CF00EC9BB6 /* chars.swift */; };
		66E76767214DF48800A3175F /* grid.png in Resources */ = {isa = PBXBuildFile; fileRef = 66E76766214DF48800A3175F /* grid.png */; };
		F70B7005E2B4ED3FAACD522C /* Pods_s2ar.framework in Frameworks */ = {isa = PBXBuildFile; fileRef = 2DA9C61443A28332F1C8DC73 /* Pods_s2ar.framework */; };
		F9A4FD8021ABBB7E00B3B691 /* MultipeerSession.swift in Sources */ = {isa = PBXBuildFile; fileRef = F9A4FD7F21ABBB7E00B3B691 /* MultipeerSession.swift */; };
		F9A4FD8221ABBBFB00B3B691 /* Utilities.swift in Sources */ = {isa = PBXBuildFile; fileRef = F9A4FD8121ABBBFB00B3B691 /* Utilities.swift */; };
		F9A4FD8421ABBC0400B3B691 /* RoundedButton.swift in Sources */ = {isa = PBXBuildFile; fileRef = F9A4FD8321ABBC0400B3B691 /* RoundedButton.swift */; };
		F9A4FD9121AD7DF500B3B691 /* Localizable.strings in Resources */ = {isa = PBXBuildFile; fileRef = F9A4FD9321AD7DF500B3B691 /* Localizable.strings */; };
		F9D24AAD21B3F00700782A8A /* material in Resources */ = {isa = PBXBuildFile; fileRef = F9D24AAC21B3F00700782A8A /* material */; };
/* End PBXBuildFile section */

/* Begin PBXContainerItemProxy section */
		66305937213D5DFF0082D2EA /* PBXContainerItemProxy */ = {
			isa = PBXContainerItemProxy;
			containerPortal = 66305918213D5DFB0082D2EA /* Project object */;
			proxyType = 1;
			remoteGlobalIDString = 6630591F213D5DFB0082D2EA;
			remoteInfo = s2ar;
		};
		66305942213D5DFF0082D2EA /* PBXContainerItemProxy */ = {
			isa = PBXContainerItemProxy;
			containerPortal = 66305918213D5DFB0082D2EA /* Project object */;
			proxyType = 1;
			remoteGlobalIDString = 6630591F213D5DFB0082D2EA;
			remoteInfo = s2ar;
		};
/* End PBXContainerItemProxy section */

/* Begin PBXFileReference section */
		2DA9C61443A28332F1C8DC73 /* Pods_s2ar.framework */ = {isa = PBXFileReference; explicitFileType = wrapper.framework; includeInIndex = 0; path = Pods_s2ar.framework; sourceTree = BUILT_PRODUCTS_DIR; };
		58BD61E224A9590FE90B4033 /* Pods-s2ar.debug.xcconfig */ = {isa = PBXFileReference; includeInIndex = 1; lastKnownFileType = text.xcconfig; name = "Pods-s2ar.debug.xcconfig"; path = "Pods/Target Support Files/Pods-s2ar/Pods-s2ar.debug.xcconfig"; sourceTree = "<group>"; };
		66305920213D5DFB0082D2EA /* s2ar.app */ = {isa = PBXFileReference; explicitFileType = wrapper.application; includeInIndex = 0; path = s2ar.app; sourceTree = BUILT_PRODUCTS_DIR; };
		66305923213D5DFB0082D2EA /* AppDelegate.swift */ = {isa = PBXFileReference; lastKnownFileType = sourcecode.swift; path = AppDelegate.swift; sourceTree = "<group>"; };
		66305925213D5DFB0082D2EA /* art.scnassets */ = {isa = PBXFileReference; lastKnownFileType = wrapper.scnassets; path = art.scnassets; sourceTree = "<group>"; };
		66305927213D5DFB0082D2EA /* ViewController.swift */ = {isa = PBXFileReference; lastKnownFileType = sourcecode.swift; path = ViewController.swift; sourceTree = "<group>"; };
		6630592A213D5DFB0082D2EA /* Base */ = {isa = PBXFileReference; lastKnownFileType = file.storyboard; name = Base; path = Base.lproj/Main.storyboard; sourceTree = "<group>"; };
		6630592C213D5DFE0082D2EA /* Assets.xcassets */ = {isa = PBXFileReference; lastKnownFileType = folder.assetcatalog; path = Assets.xcassets; sourceTree = "<group>"; };
		6630592F213D5DFE0082D2EA /* Base */ = {isa = PBXFileReference; lastKnownFileType = file.storyboard; name = Base; path = Base.lproj/LaunchScreen.storyboard; sourceTree = "<group>"; };
		66305931213D5DFE0082D2EA /* Info.plist */ = {isa = PBXFileReference; lastKnownFileType = text.plist.xml; path = Info.plist; sourceTree = "<group>"; };
		66305936213D5DFF0082D2EA /* s2arTests.xctest */ = {isa = PBXFileReference; explicitFileType = wrapper.cfbundle; includeInIndex = 0; path = s2arTests.xctest; sourceTree = BUILT_PRODUCTS_DIR; };
		6630593A213D5DFF0082D2EA /* s2arTests.swift */ = {isa = PBXFileReference; lastKnownFileType = sourcecode.swift; path = s2arTests.swift; sourceTree = "<group>"; };
		6630593C213D5DFF0082D2EA /* Info.plist */ = {isa = PBXFileReference; lastKnownFileType = text.plist.xml; path = Info.plist; sourceTree = "<group>"; };
		66305941213D5DFF0082D2EA /* s2arUITests.xctest */ = {isa = PBXFileReference; explicitFileType = wrapper.cfbundle; includeInIndex = 0; path = s2arUITests.xctest; sourceTree = BUILT_PRODUCTS_DIR; };
		66305945213D5DFF0082D2EA /* s2arUITests.swift */ = {isa = PBXFileReference; lastKnownFileType = sourcecode.swift; path = s2arUITests.swift; sourceTree = "<group>"; };
		66305947213D5DFF0082D2EA /* Info.plist */ = {isa = PBXFileReference; lastKnownFileType = text.plist.xml; path = Info.plist; sourceTree = "<group>"; };
		6662226B214607CF00EC9BB6 /* chars.swift */ = {isa = PBXFileReference; lastKnownFileType = sourcecode.swift; path = chars.swift; sourceTree = "<group>"; };
		66E76766214DF48800A3175F /* grid.png */ = {isa = PBXFileReference; lastKnownFileType = image.png; path = grid.png; sourceTree = "<group>"; };
		C1E0D2B8AE84C1B776981011 /* Pods-s2ar.release.xcconfig */ = {isa = PBXFileReference; includeInIndex = 1; lastKnownFileType = text.xcconfig; name = "Pods-s2ar.release.xcconfig"; path = "Pods/Target Support Files/Pods-s2ar/Pods-s2ar.release.xcconfig"; sourceTree = "<group>"; };
		F9A4FD7F21ABBB7E00B3B691 /* MultipeerSession.swift */ = {isa = PBXFileReference; fileEncoding = 4; lastKnownFileType = sourcecode.swift; path = MultipeerSession.swift; sourceTree = "<group>"; };
		F9A4FD8121ABBBFB00B3B691 /* Utilities.swift */ = {isa = PBXFileReference; fileEncoding = 4; lastKnownFileType = sourcecode.swift; path = Utilities.swift; sourceTree = "<group>"; };
		F9A4FD8321ABBC0400B3B691 /* RoundedButton.swift */ = {isa = PBXFileReference; fileEncoding = 4; lastKnownFileType = sourcecode.swift; path = RoundedButton.swift; sourceTree = "<group>"; };
		F9A4FD8D21AD7D8100B3B691 /* ja */ = {isa = PBXFileReference; lastKnownFileType = text.plist.strings; name = ja; path = ja.lproj/Main.strings; sourceTree = "<group>"; };
		F9A4FD8E21AD7D8100B3B691 /* ja */ = {isa = PBXFileReference; lastKnownFileType = text.plist.strings; name = ja; path = ja.lproj/LaunchScreen.strings; sourceTree = "<group>"; };
		F9A4FD9221AD7DF500B3B691 /* ja */ = {isa = PBXFileReference; lastKnownFileType = text.plist.strings; name = ja; path = ja.lproj/Localizable.strings; sourceTree = "<group>"; };
		F9A4FD9421AD7DF800B3B691 /* en */ = {isa = PBXFileReference; lastKnownFileType = text.plist.strings; name = en; path = en.lproj/Localizable.strings; sourceTree = "<group>"; };
		F9D24AAC21B3F00700782A8A /* material */ = {isa = PBXFileReference; lastKnownFileType = folder; path = material; sourceTree = "<group>"; };
/* End PBXFileReference section */

/* Begin PBXFrameworksBuildPhase section */
		6630591D213D5DFB0082D2EA /* Frameworks */ = {
			isa = PBXFrameworksBuildPhase;
			buildActionMask = 2147483647;
			files = (
				F70B7005E2B4ED3FAACD522C /* Pods_s2ar.framework in Frameworks */,
			);
			runOnlyForDeploymentPostprocessing = 0;
		};
		66305933213D5DFF0082D2EA /* Frameworks */ = {
			isa = PBXFrameworksBuildPhase;
			buildActionMask = 2147483647;
			files = (
			);
			runOnlyForDeploymentPostprocessing = 0;
		};
		6630593E213D5DFF0082D2EA /* Frameworks */ = {
			isa = PBXFrameworksBuildPhase;
			buildActionMask = 2147483647;
			files = (
			);
			runOnlyForDeploymentPostprocessing = 0;
		};
/* End PBXFrameworksBuildPhase section */

/* Begin PBXGroup section */
		66305917213D5DFB0082D2EA = {
			isa = PBXGroup;
			children = (
				F9A4FD9321AD7DF500B3B691 /* Localizable.strings */,
				66305922213D5DFB0082D2EA /* s2ar */,
				66305939213D5DFF0082D2EA /* s2arTests */,
				66305944213D5DFF0082D2EA /* s2arUITests */,
				66305921213D5DFB0082D2EA /* Products */,
				97A71FBFB3A8651F13B60D63 /* Pods */,
				C2C308B8737852378F25FAED /* Frameworks */,
			);
			sourceTree = "<group>";
		};
		66305921213D5DFB0082D2EA /* Products */ = {
			isa = PBXGroup;
			children = (
				66305920213D5DFB0082D2EA /* s2ar.app */,
				66305936213D5DFF0082D2EA /* s2arTests.xctest */,
				66305941213D5DFF0082D2EA /* s2arUITests.xctest */,
			);
			name = Products;
			sourceTree = "<group>";
		};
		66305922213D5DFB0082D2EA /* s2ar */ = {
			isa = PBXGroup;
			children = (
				66E76766214DF48800A3175F /* grid.png */,
				F9D24AAC21B3F00700782A8A /* material */,
				66305923213D5DFB0082D2EA /* AppDelegate.swift */,
				66305925213D5DFB0082D2EA /* art.scnassets */,
				66305927213D5DFB0082D2EA /* ViewController.swift */,
				F9A4FD8321ABBC0400B3B691 /* RoundedButton.swift */,
				F9A4FD8121ABBBFB00B3B691 /* Utilities.swift */,
				F9A4FD7F21ABBB7E00B3B691 /* MultipeerSession.swift */,
				66305929213D5DFB0082D2EA /* Main.storyboard */,
				6630592C213D5DFE0082D2EA /* Assets.xcassets */,
				6630592E213D5DFE0082D2EA /* LaunchScreen.storyboard */,
				66305931213D5DFE0082D2EA /* Info.plist */,
				6662226B214607CF00EC9BB6 /* chars.swift */,
			);
			path = s2ar;
			sourceTree = "<group>";
		};
		66305939213D5DFF0082D2EA /* s2arTests */ = {
			isa = PBXGroup;
			children = (
				6630593A213D5DFF0082D2EA /* s2arTests.swift */,
				6630593C213D5DFF0082D2EA /* Info.plist */,
			);
			path = s2arTests;
			sourceTree = "<group>";
		};
		66305944213D5DFF0082D2EA /* s2arUITests */ = {
			isa = PBXGroup;
			children = (
				66305945213D5DFF0082D2EA /* s2arUITests.swift */,
				66305947213D5DFF0082D2EA /* Info.plist */,
			);
			path = s2arUITests;
			sourceTree = "<group>";
		};
		97A71FBFB3A8651F13B60D63 /* Pods */ = {
			isa = PBXGroup;
			children = (
				58BD61E224A9590FE90B4033 /* Pods-s2ar.debug.xcconfig */,
				C1E0D2B8AE84C1B776981011 /* Pods-s2ar.release.xcconfig */,
			);
			name = Pods;
			sourceTree = "<group>";
		};
		C2C308B8737852378F25FAED /* Frameworks */ = {
			isa = PBXGroup;
			children = (
				2DA9C61443A28332F1C8DC73 /* Pods_s2ar.framework */,
			);
			name = Frameworks;
			sourceTree = "<group>";
		};
/* End PBXGroup section */

/* Begin PBXNativeTarget section */
		6630591F213D5DFB0082D2EA /* s2ar */ = {
			isa = PBXNativeTarget;
			buildConfigurationList = 6630594A213D5DFF0082D2EA /* Build configuration list for PBXNativeTarget "s2ar" */;
			buildPhases = (
				0C0C01FABA19F5C10DBD8EAA /* [CP] Check Pods Manifest.lock */,
				6630591C213D5DFB0082D2EA /* Sources */,
				6630591D213D5DFB0082D2EA /* Frameworks */,
				6630591E213D5DFB0082D2EA /* Resources */,
				C579B37D3620BDA3B435184B /* [CP] Embed Pods Frameworks */,
			);
			buildRules = (
			);
			dependencies = (
			);
			name = s2ar;
			productName = s2ar;
			productReference = 66305920213D5DFB0082D2EA /* s2ar.app */;
			productType = "com.apple.product-type.application";
		};
		66305935213D5DFF0082D2EA /* s2arTests */ = {
			isa = PBXNativeTarget;
			buildConfigurationList = 6630594D213D5DFF0082D2EA /* Build configuration list for PBXNativeTarget "s2arTests" */;
			buildPhases = (
				66305932213D5DFF0082D2EA /* Sources */,
				66305933213D5DFF0082D2EA /* Frameworks */,
				66305934213D5DFF0082D2EA /* Resources */,
			);
			buildRules = (
			);
			dependencies = (
				66305938213D5DFF0082D2EA /* PBXTargetDependency */,
			);
			name = s2arTests;
			productName = s2arTests;
			productReference = 66305936213D5DFF0082D2EA /* s2arTests.xctest */;
			productType = "com.apple.product-type.bundle.unit-test";
		};
		66305940213D5DFF0082D2EA /* s2arUITests */ = {
			isa = PBXNativeTarget;
			buildConfigurationList = 66305950213D5DFF0082D2EA /* Build configuration list for PBXNativeTarget "s2arUITests" */;
			buildPhases = (
				6630593D213D5DFF0082D2EA /* Sources */,
				6630593E213D5DFF0082D2EA /* Frameworks */,
				6630593F213D5DFF0082D2EA /* Resources */,
			);
			buildRules = (
			);
			dependencies = (
				66305943213D5DFF0082D2EA /* PBXTargetDependency */,
			);
			name = s2arUITests;
			productName = s2arUITests;
			productReference = 66305941213D5DFF0082D2EA /* s2arUITests.xctest */;
			productType = "com.apple.product-type.bundle.ui-testing";
		};
/* End PBXNativeTarget section */

/* Begin PBXProject section */
		66305918213D5DFB0082D2EA /* Project object */ = {
			isa = PBXProject;
			attributes = {
				LastSwiftUpdateCheck = 0940;
				LastUpgradeCheck = 0940;
				ORGANIZATIONNAME = "Junya Ishihara";
				TargetAttributes = {
					6630591F213D5DFB0082D2EA = {
						CreatedOnToolsVersion = 9.4.1;
					};
					66305935213D5DFF0082D2EA = {
						CreatedOnToolsVersion = 9.4.1;
						TestTargetID = 6630591F213D5DFB0082D2EA;
					};
					66305940213D5DFF0082D2EA = {
						CreatedOnToolsVersion = 9.4.1;
						TestTargetID = 6630591F213D5DFB0082D2EA;
					};
				};
			};
			buildConfigurationList = 6630591B213D5DFB0082D2EA /* Build configuration list for PBXProject "s2ar" */;
			compatibilityVersion = "Xcode 9.3";
			developmentRegion = en;
			hasScannedForEncodings = 0;
			knownRegions = (
				en,
				Base,
			);
			mainGroup = 66305917213D5DFB0082D2EA;
			productRefGroup = 66305921213D5DFB0082D2EA /* Products */;
			projectDirPath = "";
			projectRoot = "";
			targets = (
				6630591F213D5DFB0082D2EA /* s2ar */,
				66305935213D5DFF0082D2EA /* s2arTests */,
				66305940213D5DFF0082D2EA /* s2arUITests */,
			);
		};
/* End PBXProject section */

/* Begin PBXResourcesBuildPhase section */
		6630591E213D5DFB0082D2EA /* Resources */ = {
			isa = PBXResourcesBuildPhase;
			buildActionMask = 2147483647;
			files = (
				F9D24AAD21B3F00700782A8A /* material in Resources */,
				66305926213D5DFB0082D2EA /* art.scnassets in Resources */,
				F9A4FD9121AD7DF500B3B691 /* Localizable.strings in Resources */,
				66305930213D5DFE0082D2EA /* LaunchScreen.storyboard in Resources */,
				6630592D213D5DFE0082D2EA /* Assets.xcassets in Resources */,
				6630592B213D5DFB0082D2EA /* Main.storyboard in Resources */,
				66E76767214DF48800A3175F /* grid.png in Resources */,
			);
			runOnlyForDeploymentPostprocessing = 0;
		};
		66305934213D5DFF0082D2EA /* Resources */ = {
			isa = PBXResourcesBuildPhase;
			buildActionMask = 2147483647;
			files = (
			);
			runOnlyForDeploymentPostprocessing = 0;
		};
		6630593F213D5DFF0082D2EA /* Resources */ = {
			isa = PBXResourcesBuildPhase;
			buildActionMask = 2147483647;
			files = (
			);
			runOnlyForDeploymentPostprocessing = 0;
		};
/* End PBXResourcesBuildPhase section */

/* Begin PBXShellScriptBuildPhase section */
		0C0C01FABA19F5C10DBD8EAA /* [CP] Check Pods Manifest.lock */ = {
			isa = PBXShellScriptBuildPhase;
			buildActionMask = 2147483647;
			files = (
			);
			inputPaths = (
				"${PODS_PODFILE_DIR_PATH}/Podfile.lock",
				"${PODS_ROOT}/Manifest.lock",
			);
			name = "[CP] Check Pods Manifest.lock";
			outputPaths = (
				"$(DERIVED_FILE_DIR)/Pods-s2ar-checkManifestLockResult.txt",
			);
			runOnlyForDeploymentPostprocessing = 0;
			shellPath = /bin/sh;
			shellScript = "diff \"${PODS_PODFILE_DIR_PATH}/Podfile.lock\" \"${PODS_ROOT}/Manifest.lock\" > /dev/null\nif [ $? != 0 ] ; then\n    # print error to STDERR\n    echo \"error: The sandbox is not in sync with the Podfile.lock. Run 'pod install' or update your CocoaPods installation.\" >&2\n    exit 1\nfi\n# This output is used by Xcode 'outputs' to avoid re-running this script phase.\necho \"SUCCESS\" > \"${SCRIPT_OUTPUT_FILE_0}\"\n";
			showEnvVarsInLog = 0;
		};
		C579B37D3620BDA3B435184B /* [CP] Embed Pods Frameworks */ = {
			isa = PBXShellScriptBuildPhase;
			buildActionMask = 2147483647;
			files = (
			);
			inputPaths = (
				"${SRCROOT}/Pods/Target Support Files/Pods-s2ar/Pods-s2ar-frameworks.sh",
				"${BUILT_PRODUCTS_DIR}/Socket.IO-Client-Swift/SocketIO.framework",
				"${BUILT_PRODUCTS_DIR}/Starscream/Starscream.framework",
			);
			name = "[CP] Embed Pods Frameworks";
			outputPaths = (
				"${TARGET_BUILD_DIR}/${FRAMEWORKS_FOLDER_PATH}/SocketIO.framework",
				"${TARGET_BUILD_DIR}/${FRAMEWORKS_FOLDER_PATH}/Starscream.framework",
			);
			runOnlyForDeploymentPostprocessing = 0;
			shellPath = /bin/sh;
			shellScript = "\"${SRCROOT}/Pods/Target Support Files/Pods-s2ar/Pods-s2ar-frameworks.sh\"\n";
			showEnvVarsInLog = 0;
		};
/* End PBXShellScriptBuildPhase section */

/* Begin PBXSourcesBuildPhase section */
		6630591C213D5DFB0082D2EA /* Sources */ = {
			isa = PBXSourcesBuildPhase;
			buildActionMask = 2147483647;
			files = (
				F9A4FD8021ABBB7E00B3B691 /* MultipeerSession.swift in Sources */,
				F9A4FD8421ABBC0400B3B691 /* RoundedButton.swift in Sources */,
				66305928213D5DFB0082D2EA /* ViewController.swift in Sources */,
				66305924213D5DFB0082D2EA /* AppDelegate.swift in Sources */,
				F9A4FD8221ABBBFB00B3B691 /* Utilities.swift in Sources */,
				6662226C214607CF00EC9BB6 /* chars.swift in Sources */,
			);
			runOnlyForDeploymentPostprocessing = 0;
		};
		66305932213D5DFF0082D2EA /* Sources */ = {
			isa = PBXSourcesBuildPhase;
			buildActionMask = 2147483647;
			files = (
				6630593B213D5DFF0082D2EA /* s2arTests.swift in Sources */,
			);
			runOnlyForDeploymentPostprocessing = 0;
		};
		6630593D213D5DFF0082D2EA /* Sources */ = {
			isa = PBXSourcesBuildPhase;
			buildActionMask = 2147483647;
			files = (
				66305946213D5DFF0082D2EA /* s2arUITests.swift in Sources */,
			);
			runOnlyForDeploymentPostprocessing = 0;
		};
/* End PBXSourcesBuildPhase section */

/* Begin PBXTargetDependency section */
		66305938213D5DFF0082D2EA /* PBXTargetDependency */ = {
			isa = PBXTargetDependency;
			target = 6630591F213D5DFB0082D2EA /* s2ar */;
			targetProxy = 66305937213D5DFF0082D2EA /* PBXContainerItemProxy */;
		};
		66305943213D5DFF0082D2EA /* PBXTargetDependency */ = {
			isa = PBXTargetDependency;
			target = 6630591F213D5DFB0082D2EA /* s2ar */;
			targetProxy = 66305942213D5DFF0082D2EA /* PBXContainerItemProxy */;
		};
/* End PBXTargetDependency section */

/* Begin PBXVariantGroup section */
		66305929213D5DFB0082D2EA /* Main.storyboard */ = {
			isa = PBXVariantGroup;
			children = (
				6630592A213D5DFB0082D2EA /* Base */,
				F9A4FD8D21AD7D8100B3B691 /* ja */,
			);
			name = Main.storyboard;
			sourceTree = "<group>";
		};
		6630592E213D5DFE0082D2EA /* LaunchScreen.storyboard */ = {
			isa = PBXVariantGroup;
			children = (
				6630592F213D5DFE0082D2EA /* Base */,
				F9A4FD8E21AD7D8100B3B691 /* ja */,
			);
			name = LaunchScreen.storyboard;
			sourceTree = "<group>";
		};
		F9A4FD9321AD7DF500B3B691 /* Localizable.strings */ = {
			isa = PBXVariantGroup;
			children = (
				F9A4FD9221AD7DF500B3B691 /* ja */,
				F9A4FD9421AD7DF800B3B691 /* en */,
			);
			name = Localizable.strings;
			sourceTree = "<group>";
		};
/* End PBXVariantGroup section */

/* Begin XCBuildConfiguration section */
		66305948213D5DFF0082D2EA /* Debug */ = {
			isa = XCBuildConfiguration;
			buildSettings = {
				ALWAYS_SEARCH_USER_PATHS = NO;
				CLANG_ANALYZER_LOCALIZABILITY_NONLOCALIZED = YES;
				CLANG_ANALYZER_NONNULL = YES;
				CLANG_ANALYZER_NUMBER_OBJECT_CONVERSION = YES_AGGRESSIVE;
				CLANG_CXX_LANGUAGE_STANDARD = "gnu++14";
				CLANG_CXX_LIBRARY = "libc++";
				CLANG_ENABLE_MODULES = YES;
				CLANG_ENABLE_OBJC_ARC = YES;
				CLANG_ENABLE_OBJC_WEAK = YES;
				CLANG_WARN_BLOCK_CAPTURE_AUTORELEASING = YES;
				CLANG_WARN_BOOL_CONVERSION = YES;
				CLANG_WARN_COMMA = YES;
				CLANG_WARN_CONSTANT_CONVERSION = YES;
				CLANG_WARN_DEPRECATED_OBJC_IMPLEMENTATIONS = YES;
				CLANG_WARN_DIRECT_OBJC_ISA_USAGE = YES_ERROR;
				CLANG_WARN_DOCUMENTATION_COMMENTS = YES;
				CLANG_WARN_EMPTY_BODY = YES;
				CLANG_WARN_ENUM_CONVERSION = YES;
				CLANG_WARN_INFINITE_RECURSION = YES;
				CLANG_WARN_INT_CONVERSION = YES;
				CLANG_WARN_NON_LITERAL_NULL_CONVERSION = YES;
				CLANG_WARN_OBJC_IMPLICIT_RETAIN_SELF = YES;
				CLANG_WARN_OBJC_LITERAL_CONVERSION = YES;
				CLANG_WARN_OBJC_ROOT_CLASS = YES_ERROR;
				CLANG_WARN_RANGE_LOOP_ANALYSIS = YES;
				CLANG_WARN_STRICT_PROTOTYPES = YES;
				CLANG_WARN_SUSPICIOUS_MOVE = YES;
				CLANG_WARN_UNGUARDED_AVAILABILITY = YES_AGGRESSIVE;
				CLANG_WARN_UNREACHABLE_CODE = YES;
				CLANG_WARN__DUPLICATE_METHOD_MATCH = YES;
				CODE_SIGN_IDENTITY = "iPhone Developer";
				COPY_PHASE_STRIP = NO;
				DEBUG_INFORMATION_FORMAT = dwarf;
				ENABLE_STRICT_OBJC_MSGSEND = YES;
				ENABLE_TESTABILITY = YES;
				GCC_C_LANGUAGE_STANDARD = gnu11;
				GCC_DYNAMIC_NO_PIC = NO;
				GCC_NO_COMMON_BLOCKS = YES;
				GCC_OPTIMIZATION_LEVEL = 0;
				GCC_PREPROCESSOR_DEFINITIONS = (
					"DEBUG=1",
					"$(inherited)",
				);
				GCC_WARN_64_TO_32_BIT_CONVERSION = YES;
				GCC_WARN_ABOUT_RETURN_TYPE = YES_ERROR;
				GCC_WARN_UNDECLARED_SELECTOR = YES;
				GCC_WARN_UNINITIALIZED_AUTOS = YES_AGGRESSIVE;
				GCC_WARN_UNUSED_FUNCTION = YES;
				GCC_WARN_UNUSED_VARIABLE = YES;
				IPHONEOS_DEPLOYMENT_TARGET = 11.4;
				MTL_ENABLE_DEBUG_INFO = YES;
				ONLY_ACTIVE_ARCH = YES;
				SDKROOT = iphoneos;
				SWIFT_ACTIVE_COMPILATION_CONDITIONS = DEBUG;
				SWIFT_OPTIMIZATION_LEVEL = "-Onone";
			};
			name = Debug;
		};
		66305949213D5DFF0082D2EA /* Release */ = {
			isa = XCBuildConfiguration;
			buildSettings = {
				ALWAYS_SEARCH_USER_PATHS = NO;
				CLANG_ANALYZER_LOCALIZABILITY_NONLOCALIZED = YES;
				CLANG_ANALYZER_NONNULL = YES;
				CLANG_ANALYZER_NUMBER_OBJECT_CONVERSION = YES_AGGRESSIVE;
				CLANG_CXX_LANGUAGE_STANDARD = "gnu++14";
				CLANG_CXX_LIBRARY = "libc++";
				CLANG_ENABLE_MODULES = YES;
				CLANG_ENABLE_OBJC_ARC = YES;
				CLANG_ENABLE_OBJC_WEAK = YES;
				CLANG_WARN_BLOCK_CAPTURE_AUTORELEASING = YES;
				CLANG_WARN_BOOL_CONVERSION = YES;
				CLANG_WARN_COMMA = YES;
				CLANG_WARN_CONSTANT_CONVERSION = YES;
				CLANG_WARN_DEPRECATED_OBJC_IMPLEMENTATIONS = YES;
				CLANG_WARN_DIRECT_OBJC_ISA_USAGE = YES_ERROR;
				CLANG_WARN_DOCUMENTATION_COMMENTS = YES;
				CLANG_WARN_EMPTY_BODY = YES;
				CLANG_WARN_ENUM_CONVERSION = YES;
				CLANG_WARN_INFINITE_RECURSION = YES;
				CLANG_WARN_INT_CONVERSION = YES;
				CLANG_WARN_NON_LITERAL_NULL_CONVERSION = YES;
				CLANG_WARN_OBJC_IMPLICIT_RETAIN_SELF = YES;
				CLANG_WARN_OBJC_LITERAL_CONVERSION = YES;
				CLANG_WARN_OBJC_ROOT_CLASS = YES_ERROR;
				CLANG_WARN_RANGE_LOOP_ANALYSIS = YES;
				CLANG_WARN_STRICT_PROTOTYPES = YES;
				CLANG_WARN_SUSPICIOUS_MOVE = YES;
				CLANG_WARN_UNGUARDED_AVAILABILITY = YES_AGGRESSIVE;
				CLANG_WARN_UNREACHABLE_CODE = YES;
				CLANG_WARN__DUPLICATE_METHOD_MATCH = YES;
				CODE_SIGN_IDENTITY = "iPhone Developer";
				COPY_PHASE_STRIP = NO;
				DEBUG_INFORMATION_FORMAT = "dwarf-with-dsym";
				ENABLE_NS_ASSERTIONS = NO;
				ENABLE_STRICT_OBJC_MSGSEND = YES;
				GCC_C_LANGUAGE_STANDARD = gnu11;
				GCC_NO_COMMON_BLOCKS = YES;
				GCC_WARN_64_TO_32_BIT_CONVERSION = YES;
				GCC_WARN_ABOUT_RETURN_TYPE = YES_ERROR;
				GCC_WARN_UNDECLARED_SELECTOR = YES;
				GCC_WARN_UNINITIALIZED_AUTOS = YES_AGGRESSIVE;
				GCC_WARN_UNUSED_FUNCTION = YES;
				GCC_WARN_UNUSED_VARIABLE = YES;
				IPHONEOS_DEPLOYMENT_TARGET = 11.4;
				MTL_ENABLE_DEBUG_INFO = NO;
				SDKROOT = iphoneos;
				SWIFT_COMPILATION_MODE = wholemodule;
				SWIFT_OPTIMIZATION_LEVEL = "-O";
				VALIDATE_PRODUCT = YES;
			};
			name = Release;
		};
		6630594B213D5DFF0082D2EA /* Debug */ = {
			isa = XCBuildConfiguration;
			baseConfigurationReference = 58BD61E224A9590FE90B4033 /* Pods-s2ar.debug.xcconfig */;
			buildSettings = {
				ASSETCATALOG_COMPILER_APPICON_NAME = AppIcon;
				CODE_SIGN_STYLE = Automatic;
				DEVELOPMENT_TEAM = 7Q4JA6F3UU;
				INFOPLIST_FILE = s2ar/Info.plist;
				IPHONEOS_DEPLOYMENT_TARGET = 12.0;
				LD_RUNPATH_SEARCH_PATHS = (
					"$(inherited)",
					"@executable_path/Frameworks",
				);
				PRODUCT_BUNDLE_IDENTIFIER = com.creativival.s2ar3;
				PRODUCT_NAME = "$(TARGET_NAME)";
				SWIFT_VERSION = 4.0;
				TARGETED_DEVICE_FAMILY = "1,2";
			};
			name = Debug;
		};
		6630594C213D5DFF0082D2EA /* Release */ = {
			isa = XCBuildConfiguration;
			baseConfigurationReference = C1E0D2B8AE84C1B776981011 /* Pods-s2ar.release.xcconfig */;
			buildSettings = {
				ASSETCATALOG_COMPILER_APPICON_NAME = AppIcon;
				CODE_SIGN_STYLE = Automatic;
				DEVELOPMENT_TEAM = 7Q4JA6F3UU;
				INFOPLIST_FILE = s2ar/Info.plist;
				IPHONEOS_DEPLOYMENT_TARGET = 12.0;
				LD_RUNPATH_SEARCH_PATHS = (
					"$(inherited)",
					"@executable_path/Frameworks",
				);
				PRODUCT_BUNDLE_IDENTIFIER = com.creativival.s2ar3;
				PRODUCT_NAME = "$(TARGET_NAME)";
				SWIFT_VERSION = 4.0;
				TARGETED_DEVICE_FAMILY = "1,2";
			};
			name = Release;
		};
		6630594E213D5DFF0082D2EA /* Debug */ = {
			isa = XCBuildConfiguration;
			buildSettings = {
				ALWAYS_EMBED_SWIFT_STANDARD_LIBRARIES = YES;
				BUNDLE_LOADER = "$(TEST_HOST)";
				CODE_SIGN_STYLE = Automatic;
				DEVELOPMENT_TEAM = 75W9NK7L47;
				INFOPLIST_FILE = s2arTests/Info.plist;
				LD_RUNPATH_SEARCH_PATHS = (
					"$(inherited)",
					"@executable_path/Frameworks",
					"@loader_path/Frameworks",
				);
				PRODUCT_BUNDLE_IDENTIFIER = com.tsukurusha.s2arTests;
				PRODUCT_NAME = "$(TARGET_NAME)";
				SWIFT_VERSION = 4.0;
				TARGETED_DEVICE_FAMILY = "1,2";
				TEST_HOST = "$(BUILT_PRODUCTS_DIR)/s2ar.app/s2ar";
			};
			name = Debug;
		};
		6630594F213D5DFF0082D2EA /* Release */ = {
			isa = XCBuildConfiguration;
			buildSettings = {
				ALWAYS_EMBED_SWIFT_STANDARD_LIBRARIES = YES;
				BUNDLE_LOADER = "$(TEST_HOST)";
				CODE_SIGN_STYLE = Automatic;
				DEVELOPMENT_TEAM = 75W9NK7L47;
				INFOPLIST_FILE = s2arTests/Info.plist;
				LD_RUNPATH_SEARCH_PATHS = (
					"$(inherited)",
					"@executable_path/Frameworks",
					"@loader_path/Frameworks",
				);
				PRODUCT_BUNDLE_IDENTIFIER = com.tsukurusha.s2arTests;
				PRODUCT_NAME = "$(TARGET_NAME)";
				SWIFT_VERSION = 4.0;
				TARGETED_DEVICE_FAMILY = "1,2";
				TEST_HOST = "$(BUILT_PRODUCTS_DIR)/s2ar.app/s2ar";
			};
			name = Release;
		};
		66305951213D5DFF0082D2EA /* Debug */ = {
			isa = XCBuildConfiguration;
			buildSettings = {
				ALWAYS_EMBED_SWIFT_STANDARD_LIBRARIES = YES;
				CODE_SIGN_STYLE = Automatic;
				DEVELOPMENT_TEAM = 75W9NK7L47;
				INFOPLIST_FILE = s2arUITests/Info.plist;
				LD_RUNPATH_SEARCH_PATHS = (
					"$(inherited)",
					"@executable_path/Frameworks",
					"@loader_path/Frameworks",
				);
				PRODUCT_BUNDLE_IDENTIFIER = com.tsukurusha.s2arUITests;
				PRODUCT_NAME = "$(TARGET_NAME)";
				SWIFT_VERSION = 4.0;
				TARGETED_DEVICE_FAMILY = "1,2";
				TEST_TARGET_NAME = s2ar;
			};
			name = Debug;
		};
		66305952213D5DFF0082D2EA /* Release */ = {
			isa = XCBuildConfiguration;
			buildSettings = {
				ALWAYS_EMBED_SWIFT_STANDARD_LIBRARIES = YES;
				CODE_SIGN_STYLE = Automatic;
				DEVELOPMENT_TEAM = 75W9NK7L47;
				INFOPLIST_FILE = s2arUITests/Info.plist;
				LD_RUNPATH_SEARCH_PATHS = (
					"$(inherited)",
					"@executable_path/Frameworks",
					"@loader_path/Frameworks",
				);
				PRODUCT_BUNDLE_IDENTIFIER = com.tsukurusha.s2arUITests;
				PRODUCT_NAME = "$(TARGET_NAME)";
				SWIFT_VERSION = 4.0;
				TARGETED_DEVICE_FAMILY = "1,2";
				TEST_TARGET_NAME = s2ar;
			};
			name = Release;
		};
/* End XCBuildConfiguration section */

/* Begin XCConfigurationList section */
		6630591B213D5DFB0082D2EA /* Build configuration list for PBXProject "s2ar" */ = {
			isa = XCConfigurationList;
			buildConfigurations = (
				66305948213D5DFF0082D2EA /* Debug */,
				66305949213D5DFF0082D2EA /* Release */,
			);
			defaultConfigurationIsVisible = 0;
			defaultConfigurationName = Release;
		};
		6630594A213D5DFF0082D2EA /* Build configuration list for PBXNativeTarget "s2ar" */ = {
			isa = XCConfigurationList;
			buildConfigurations = (
				6630594B213D5DFF0082D2EA /* Debug */,
				6630594C213D5DFF0082D2EA /* Release */,
			);
			defaultConfigurationIsVisible = 0;
			defaultConfigurationName = Release;
		};
		6630594D213D5DFF0082D2EA /* Build configuration list for PBXNativeTarget "s2arTests" */ = {
			isa = XCConfigurationList;
			buildConfigurations = (
				6630594E213D5DFF0082D2EA /* Debug */,
				6630594F213D5DFF0082D2EA /* Release */,
			);
			defaultConfigurationIsVisible = 0;
			defaultConfigurationName = Release;
		};
		66305950213D5DFF0082D2EA /* Build configuration list for PBXNativeTarget "s2arUITests" */ = {
			isa = XCConfigurationList;
			buildConfigurations = (
				66305951213D5DFF0082D2EA /* Debug */,
				66305952213D5DFF0082D2EA /* Release */,
			);
			defaultConfigurationIsVisible = 0;
			defaultConfigurationName = Release;
		};
/* End XCConfigurationList section */
	};
	rootObject = 66305918213D5DFB0082D2EA /* Project object */;
}
